# THIS IS AN AUTOGENERATED FILE. DO NOT EDIT THIS FILE DIRECTLY.
# yarn lockfile v1


"@neo4j-labs/experimental-query-api-wrapper@../":
  version "0.0.1"
  dependencies:
    neo4j-driver-core "5.21.0"

neo4j-driver-core@5.21.0:
  version "5.21.0"
  resolved "https://registry.yarnpkg.com/neo4j-driver-core/-/neo4j-driver-core-5.21.0.tgz#5eed82306f3115ab6f5eb3131f1b0a8f9af8f8e0"
  integrity sha512-YhbaKcDZU3JIzxNH+GIPhsPVvGaLoRhAkqJrgWPhviqOmMON/OggLmnH/x1bms5zvAJMG/7m9BBxC/J8Z3Lkgg==
